// !$*UTF8*$!
{
	archiveVersion = 1;
	classes = {
	};
	objectVersion = 56;
	objects = {

/* Begin PBXBuildFile section */
		C8C2A32F29FD4E9C00935CFD /* iOSComparisonApp.swift in Sources */ = {isa = PBXBuildFile; fileRef = C8C2A32E29FD4E9C00935CFD /* iOSComparisonApp.swift */; };
		C8C2A33129FD4E9C00935CFD /* MainView.swift in Sources */ = {isa = PBXBuildFile; fileRef = C8C2A33029FD4E9C00935CFD /* MainView.swift */; };
		C8C2A33329FD4E9E00935CFD /* Assets.xcassets in Resources */ = {isa = PBXBuildFile; fileRef = C8C2A33229FD4E9E00935CFD /* Assets.xcassets */; };
		C8C2A33629FD4E9E00935CFD /* Preview Assets.xcassets in Resources */ = {isa = PBXBuildFile; fileRef = C8C2A33529FD4E9E00935CFD /* Preview Assets.xcassets */; };
		C8C2A33D29FD4F6D00935CFD /* MainItem.swift in Sources */ = {isa = PBXBuildFile; fileRef = C8C2A33C29FD4F6D00935CFD /* MainItem.swift */; };
		C8C2A33F29FD50FF00935CFD /* CalculationView.swift in Sources */ = {isa = PBXBuildFile; fileRef = C8C2A33E29FD50FF00935CFD /* CalculationView.swift */; };
		C8C2A34229FD51D000935CFD /* BigInt in Frameworks */ = {isa = PBXBuildFile; productRef = C8C2A34129FD51D000935CFD /* BigInt */; };
		C8C2A34429FD55FC00935CFD /* ScalabilityView.swift in Sources */ = {isa = PBXBuildFile; fileRef = C8C2A34329FD55FC00935CFD /* ScalabilityView.swift */; };
		C8C2A34629FD57C200935CFD /* AnimationView.swift in Sources */ = {isa = PBXBuildFile; fileRef = C8C2A34529FD57C200935CFD /* AnimationView.swift */; };
		C8C2A34929FD59AE00935CFD /* Database.swift in Sources */ = {isa = PBXBuildFile; fileRef = C8C2A34829FD59AE00935CFD /* Database.swift */; };
		C8C2A34C29FD5A6700935CFD /* GRDB in Frameworks */ = {isa = PBXBuildFile; productRef = C8C2A34B29FD5A6700935CFD /* GRDB */; };
		C8C2A34E29FD5C3100935CFD /* DatabaseView.swift in Sources */ = {isa = PBXBuildFile; fileRef = C8C2A34D29FD5C3100935CFD /* DatabaseView.swift */; };
		C8C2A35329FEE05800935CFD /* NativeFeatureView.swift in Sources */ = {isa = PBXBuildFile; fileRef = C8C2A35229FEE05800935CFD /* NativeFeatureView.swift */; };
/* End PBXBuildFile section */

/* Begin PBXFileReference section */
		C8C2A32B29FD4E9C00935CFD /* iOSComparisonApp.app */ = {isa = PBXFileReference; explicitFileType = wrapper.application; includeInIndex = 0; path = iOSComparisonApp.app; sourceTree = BUILT_PRODUCTS_DIR; };
		C8C2A32E29FD4E9C00935CFD /* iOSComparisonApp.swift */ = {isa = PBXFileReference; lastKnownFileType = sourcecode.swift; path = iOSComparisonApp.swift; sourceTree = "<group>"; };
		C8C2A33029FD4E9C00935CFD /* MainView.swift */ = {isa = PBXFileReference; lastKnownFileType = sourcecode.swift; path = MainView.swift; sourceTree = "<group>"; };
		C8C2A33229FD4E9E00935CFD /* Assets.xcassets */ = {isa = PBXFileReference; lastKnownFileType = folder.assetcatalog; path = Assets.xcassets; sourceTree = "<group>"; };
		C8C2A33529FD4E9E00935CFD /* Preview Assets.xcassets */ = {isa = PBXFileReference; lastKnownFileType = folder.assetcatalog; path = "Preview Assets.xcassets"; sourceTree = "<group>"; };
		C8C2A33C29FD4F6D00935CFD /* MainItem.swift */ = {isa = PBXFileReference; lastKnownFileType = sourcecode.swift; path = MainItem.swift; sourceTree = "<group>"; };
		C8C2A33E29FD50FF00935CFD /* CalculationView.swift */ = {isa = PBXFileReference; lastKnownFileType = sourcecode.swift; path = CalculationView.swift; sourceTree = "<group>"; };
		C8C2A34329FD55FC00935CFD /* ScalabilityView.swift */ = {isa = PBXFileReference; lastKnownFileType = sourcecode.swift; path = ScalabilityView.swift; sourceTree = "<group>"; };
		C8C2A34529FD57C200935CFD /* AnimationView.swift */ = {isa = PBXFileReference; lastKnownFileType = sourcecode.swift; path = AnimationView.swift; sourceTree = "<group>"; };
		C8C2A34829FD59AE00935CFD /* Database.swift */ = {isa = PBXFileReference; lastKnownFileType = sourcecode.swift; path = Database.swift; sourceTree = "<group>"; };
		C8C2A34D29FD5C3100935CFD /* DatabaseView.swift */ = {isa = PBXFileReference; lastKnownFileType = sourcecode.swift; path = DatabaseView.swift; sourceTree = "<group>"; };
		C8C2A35229FEE05800935CFD /* NativeFeatureView.swift */ = {isa = PBXFileReference; lastKnownFileType = sourcecode.swift; path = NativeFeatureView.swift; sourceTree = "<group>"; };
		C8C2A35429FEE4FB00935CFD /* Info.plist */ = {isa = PBXFileReference; lastKnownFileType = text.plist; path = Info.plist; sourceTree = "<group>"; };
/* End PBXFileReference section */

/* Begin PBXFrameworksBuildPhase section */
		C8C2A32829FD4E9C00935CFD /* Frameworks */ = {
			isa = PBXFrameworksBuildPhase;
			buildActionMask = 2147483647;
			files = (
				C8C2A34229FD51D000935CFD /* BigInt in Frameworks */,
				C8C2A34C29FD5A6700935CFD /* GRDB in Frameworks */,
			);
			runOnlyForDeploymentPostprocessing = 0;
		};
/* End PBXFrameworksBuildPhase section */

/* Begin PBXGroup section */
		C8C2A32229FD4E9C00935CFD = {
			isa = PBXGroup;
			children = (
				C8C2A32D29FD4E9C00935CFD /* iOSComparisonApp */,
				C8C2A32C29FD4E9C00935CFD /* Products */,
			);
			sourceTree = "<group>";
		};
		C8C2A32C29FD4E9C00935CFD /* Products */ = {
			isa = PBXGroup;
			children = (
				C8C2A32B29FD4E9C00935CFD /* iOSComparisonApp.app */,
			);
			name = Products;
			sourceTree = "<group>";
		};
		C8C2A32D29FD4E9C00935CFD /* iOSComparisonApp */ = {
			isa = PBXGroup;
			children = (
				C8C2A35429FEE4FB00935CFD /* Info.plist */,
				C8C2A34F29FD5CCB00935CFD /* views */,
				C8C2A34729FD599C00935CFD /* data */,
				C8C2A32E29FD4E9C00935CFD /* iOSComparisonApp.swift */,
				C8C2A33C29FD4F6D00935CFD /* MainItem.swift */,
				C8C2A33229FD4E9E00935CFD /* Assets.xcassets */,
				C8C2A33429FD4E9E00935CFD /* Preview Content */,
			);
			path = iOSComparisonApp;
			sourceTree = "<group>";
		};
		C8C2A33429FD4E9E00935CFD /* Preview Content */ = {
			isa = PBXGroup;
			children = (
				C8C2A33529FD4E9E00935CFD /* Preview Assets.xcassets */,
			);
			path = "Preview Content";
			sourceTree = "<group>";
		};
		C8C2A34729FD599C00935CFD /* data */ = {
			isa = PBXGroup;
			children = (
				C8C2A34829FD59AE00935CFD /* Database.swift */,
			);
			path = data;
			sourceTree = "<group>";
		};
		C8C2A34F29FD5CCB00935CFD /* views */ = {
			isa = PBXGroup;
			children = (
				C8C2A33029FD4E9C00935CFD /* MainView.swift */,
				C8C2A34529FD57C200935CFD /* AnimationView.swift */,
				C8C2A33E29FD50FF00935CFD /* CalculationView.swift */,
				C8C2A34D29FD5C3100935CFD /* DatabaseView.swift */,
				C8C2A34329FD55FC00935CFD /* ScalabilityView.swift */,
				C8C2A35229FEE05800935CFD /* NativeFeatureView.swift */,
			);
			path = views;
			sourceTree = "<group>";
		};
/* End PBXGroup section */

/* Begin PBXNativeTarget section */
		C8C2A32A29FD4E9C00935CFD /* iOSComparisonApp */ = {
			isa = PBXNativeTarget;
			buildConfigurationList = C8C2A33929FD4E9E00935CFD /* Build configuration list for PBXNativeTarget "iOSComparisonApp" */;
			buildPhases = (
				C8C2A32729FD4E9C00935CFD /* Sources */,
				C8C2A32829FD4E9C00935CFD /* Frameworks */,
				C8C2A32929FD4E9C00935CFD /* Resources */,
			);
			buildRules = (
			);
			dependencies = (
			);
			name = iOSComparisonApp;
			packageProductDependencies = (
				C8C2A34129FD51D000935CFD /* BigInt */,
				C8C2A34B29FD5A6700935CFD /* GRDB */,
			);
			productName = iOSComparisonApp;
			productReference = C8C2A32B29FD4E9C00935CFD /* iOSComparisonApp.app */;
			productType = "com.apple.product-type.application";
		};
/* End PBXNativeTarget section */

/* Begin PBXProject section */
		C8C2A32329FD4E9C00935CFD /* Project object */ = {
			isa = PBXProject;
			attributes = {
				BuildIndependentTargetsInParallel = 1;
				LastSwiftUpdateCheck = 1420;
				LastUpgradeCheck = 1420;
				TargetAttributes = {
					C8C2A32A29FD4E9C00935CFD = {
						CreatedOnToolsVersion = 14.2;
					};
				};
			};
			buildConfigurationList = C8C2A32629FD4E9C00935CFD /* Build configuration list for PBXProject "iOSComparisonApp" */;
			compatibilityVersion = "Xcode 14.0";
			developmentRegion = en;
			hasScannedForEncodings = 0;
			knownRegions = (
				en,
				Base,
			);
			mainGroup = C8C2A32229FD4E9C00935CFD;
			packageReferences = (
				C8C2A34029FD51D000935CFD /* XCRemoteSwiftPackageReference "BigInt" */,
				C8C2A34A29FD5A6700935CFD /* XCRemoteSwiftPackageReference "GRDB.swift" */,
			);
			productRefGroup = C8C2A32C29FD4E9C00935CFD /* Products */;
			projectDirPath = "";
			projectRoot = "";
			targets = (
				C8C2A32A29FD4E9C00935CFD /* iOSComparisonApp */,
			);
		};
/* End PBXProject section */

/* Begin PBXResourcesBuildPhase section */
		C8C2A32929FD4E9C00935CFD /* Resources */ = {
			isa = PBXResourcesBuildPhase;
			buildActionMask = 2147483647;
			files = (
				C8C2A33629FD4E9E00935CFD /* Preview Assets.xcassets in Resources */,
				C8C2A33329FD4E9E00935CFD /* Assets.xcassets in Resources */,
			);
			runOnlyForDeploymentPostprocessing = 0;
		};
/* End PBXResourcesBuildPhase section */

/* Begin PBXSourcesBuildPhase section */
		C8C2A32729FD4E9C00935CFD /* Sources */ = {
			isa = PBXSourcesBuildPhase;
			buildActionMask = 2147483647;
			files = (
				C8C2A33D29FD4F6D00935CFD /* MainItem.swift in Sources */,
				C8C2A33F29FD50FF00935CFD /* CalculationView.swift in Sources */,
				C8C2A34429FD55FC00935CFD /* ScalabilityView.swift in Sources */,
				C8C2A33129FD4E9C00935CFD /* MainView.swift in Sources */,
				C8C2A34E29FD5C3100935CFD /* DatabaseView.swift in Sources */,
				C8C2A34629FD57C200935CFD /* AnimationView.swift in Sources */,
				C8C2A34929FD59AE00935CFD /* Database.swift in Sources */,
				C8C2A35329FEE05800935CFD /* NativeFeatureView.swift in Sources */,
				C8C2A32F29FD4E9C00935CFD /* iOSComparisonApp.swift in Sources */,
			);
			runOnlyForDeploymentPostprocessing = 0;
		};
/* End PBXSourcesBuildPhase section */

/* Begin XCBuildConfiguration section */
		C8C2A33729FD4E9E00935CFD /* Debug */ = {
			isa = XCBuildConfiguration;
			buildSettings = {
				ALWAYS_SEARCH_USER_PATHS = NO;
				CLANG_ANALYZER_NONNULL = YES;
				CLANG_ANALYZER_NUMBER_OBJECT_CONVERSION = YES_AGGRESSIVE;
				CLANG_CXX_LANGUAGE_STANDARD = "gnu++20";
				CLANG_ENABLE_MODULES = YES;
				CLANG_ENABLE_OBJC_ARC = YES;
				CLANG_ENABLE_OBJC_WEAK = YES;
				CLANG_WARN_BLOCK_CAPTURE_AUTORELEASING = YES;
				CLANG_WARN_BOOL_CONVERSION = YES;
				CLANG_WARN_COMMA = YES;
				CLANG_WARN_CONSTANT_CONVERSION = YES;
				CLANG_WARN_DEPRECATED_OBJC_IMPLEMENTATIONS = YES;
				CLANG_WARN_DIRECT_OBJC_ISA_USAGE = YES_ERROR;
				CLANG_WARN_DOCUMENTATION_COMMENTS = YES;
				CLANG_WARN_EMPTY_BODY = YES;
				CLANG_WARN_ENUM_CONVERSION = YES;
				CLANG_WARN_INFINITE_RECURSION = YES;
				CLANG_WARN_INT_CONVERSION = YES;
				CLANG_WARN_NON_LITERAL_NULL_CONVERSION = YES;
				CLANG_WARN_OBJC_IMPLICIT_RETAIN_SELF = YES;
				CLANG_WARN_OBJC_LITERAL_CONVERSION = YES;
				CLANG_WARN_OBJC_ROOT_CLASS = YES_ERROR;
				CLANG_WARN_QUOTED_INCLUDE_IN_FRAMEWORK_HEADER = YES;
				CLANG_WARN_RANGE_LOOP_ANALYSIS = YES;
				CLANG_WARN_STRICT_PROTOTYPES = YES;
				CLANG_WARN_SUSPICIOUS_MOVE = YES;
				CLANG_WARN_UNGUARDED_AVAILABILITY = YES_AGGRESSIVE;
				CLANG_WARN_UNREACHABLE_CODE = YES;
				CLANG_WARN__DUPLICATE_METHOD_MATCH = YES;
				COPY_PHASE_STRIP = NO;
				DEBUG_INFORMATION_FORMAT = dwarf;
				ENABLE_STRICT_OBJC_MSGSEND = YES;
				ENABLE_TESTABILITY = YES;
				GCC_C_LANGUAGE_STANDARD = gnu11;
				GCC_DYNAMIC_NO_PIC = NO;
				GCC_NO_COMMON_BLOCKS = YES;
				GCC_OPTIMIZATION_LEVEL = 0;
				GCC_PREPROCESSOR_DEFINITIONS = (
					"DEBUG=1",
					"$(inherited)",
				);
				GCC_WARN_64_TO_32_BIT_CONVERSION = YES;
				GCC_WARN_ABOUT_RETURN_TYPE = YES_ERROR;
				GCC_WARN_UNDECLARED_SELECTOR = YES;
				GCC_WARN_UNINITIALIZED_AUTOS = YES_AGGRESSIVE;
				GCC_WARN_UNUSED_FUNCTION = YES;
				GCC_WARN_UNUSED_VARIABLE = YES;
				IPHONEOS_DEPLOYMENT_TARGET = 16.2;
				MTL_ENABLE_DEBUG_INFO = INCLUDE_SOURCE;
				MTL_FAST_MATH = YES;
				ONLY_ACTIVE_ARCH = YES;
				SDKROOT = iphoneos;
				SWIFT_ACTIVE_COMPILATION_CONDITIONS = DEBUG;
				SWIFT_OPTIMIZATION_LEVEL = "-Onone";
			};
			name = Debug;
		};
		C8C2A33829FD4E9E00935CFD /* Release */ = {
			isa = XCBuildConfiguration;
			buildSettings = {
				ALWAYS_SEARCH_USER_PATHS = NO;
				CLANG_ANALYZER_NONNULL = YES;
				CLANG_ANALYZER_NUMBER_OBJECT_CONVERSION = YES_AGGRESSIVE;
				CLANG_CXX_LANGUAGE_STANDARD = "gnu++20";
				CLANG_ENABLE_MODULES = YES;
				CLANG_ENABLE_OBJC_ARC = YES;
				CLANG_ENABLE_OBJC_WEAK = YES;
				CLANG_WARN_BLOCK_CAPTURE_AUTORELEASING = YES;
				CLANG_WARN_BOOL_CONVERSION = YES;
				CLANG_WARN_COMMA = YES;
				CLANG_WARN_CONSTANT_CONVERSION = YES;
				CLANG_WARN_DEPRECATED_OBJC_IMPLEMENTATIONS = YES;
				CLANG_WARN_DIRECT_OBJC_ISA_USAGE = YES_ERROR;
				CLANG_WARN_DOCUMENTATION_COMMENTS = YES;
				CLANG_WARN_EMPTY_BODY = YES;
				CLANG_WARN_ENUM_CONVERSION = YES;
				CLANG_WARN_INFINITE_RECURSION = YES;
				CLANG_WARN_INT_CONVERSION = YES;
				CLANG_WARN_NON_LITERAL_NULL_CONVERSION = YES;
				CLANG_WARN_OBJC_IMPLICIT_RETAIN_SELF = YES;
				CLANG_WARN_OBJC_LITERAL_CONVERSION = YES;
				CLANG_WARN_OBJC_ROOT_CLASS = YES_ERROR;
				CLANG_WARN_QUOTED_INCLUDE_IN_FRAMEWORK_HEADER = YES;
				CLANG_WARN_RANGE_LOOP_ANALYSIS = YES;
				CLANG_WARN_STRICT_PROTOTYPES = YES;
				CLANG_WARN_SUSPICIOUS_MOVE = YES;
				CLANG_WARN_UNGUARDED_AVAILABILITY = YES_AGGRESSIVE;
				CLANG_WARN_UNREACHABLE_CODE = YES;
				CLANG_WARN__DUPLICATE_METHOD_MATCH = YES;
				COPY_PHASE_STRIP = NO;
				DEBUG_INFORMATION_FORMAT = "dwarf-with-dsym";
				ENABLE_NS_ASSERTIONS = NO;
				ENABLE_STRICT_OBJC_MSGSEND = YES;
				GCC_C_LANGUAGE_STANDARD = gnu11;
				GCC_NO_COMMON_BLOCKS = YES;
				GCC_WARN_64_TO_32_BIT_CONVERSION = YES;
				GCC_WARN_ABOUT_RETURN_TYPE = YES_ERROR;
				GCC_WARN_UNDECLARED_SELECTOR = YES;
				GCC_WARN_UNINITIALIZED_AUTOS = YES_AGGRESSIVE;
				GCC_WARN_UNUSED_FUNCTION = YES;
				GCC_WARN_UNUSED_VARIABLE = YES;
				IPHONEOS_DEPLOYMENT_TARGET = 16.2;
				MTL_ENABLE_DEBUG_INFO = NO;
				MTL_FAST_MATH = YES;
				SDKROOT = iphoneos;
				SWIFT_COMPILATION_MODE = wholemodule;
				SWIFT_OPTIMIZATION_LEVEL = "-O";
				VALIDATE_PRODUCT = YES;
			};
			name = Release;
		};
		C8C2A33A29FD4E9E00935CFD /* Debug */ = {
			isa = XCBuildConfiguration;
			buildSettings = {
				ASSETCATALOG_COMPILER_APPICON_NAME = AppIcon;
				ASSETCATALOG_COMPILER_GLOBAL_ACCENT_COLOR_NAME = AccentColor;
				CODE_SIGN_STYLE = Automatic;
				CURRENT_PROJECT_VERSION = 1;
				DEVELOPMENT_ASSET_PATHS = "\"iOSComparisonApp/Preview Content\"";
				DEVELOPMENT_TEAM = 8P8DHS259H;
				ENABLE_PREVIEWS = YES;
				GENERATE_INFOPLIST_FILE = YES;
				INFOPLIST_FILE = iOSComparisonApp/Info.plist;
				INFOPLIST_KEY_UIApplicationSceneManifest_Generation = YES;
				INFOPLIST_KEY_UIApplicationSupportsIndirectInputEvents = YES;
				INFOPLIST_KEY_UILaunchScreen_Generation = YES;
				INFOPLIST_KEY_UISupportedInterfaceOrientations_iPad = "UIInterfaceOrientationPortrait UIInterfaceOrientationPortraitUpsideDown UIInterfaceOrientationLandscapeLeft UIInterfaceOrientationLandscapeRight";
				INFOPLIST_KEY_UISupportedInterfaceOrientations_iPhone = UIInterfaceOrientationPortrait;
				IPHONEOS_DEPLOYMENT_TARGET = 15.0;
				LD_RUNPATH_SEARCH_PATHS = (
					"$(inherited)",
					"@executable_path/Frameworks",
				);
				MARKETING_VERSION = 1.0;
				PRODUCT_BUNDLE_IDENTIFIER = de.telekom.smartcallreply;
				PRODUCT_NAME = "$(TARGET_NAME)";
				SWIFT_EMIT_LOC_STRINGS = YES;
				SWIFT_VERSION = 5.0;
				TARGETED_DEVICE_FAMILY = "1,2";
			};
			name = Debug;
		};
		C8C2A33B29FD4E9E00935CFD /* Release */ = {
			isa = XCBuildConfiguration;
			buildSettings = {
				ASSETCATALOG_COMPILER_APPICON_NAME = AppIcon;
				ASSETCATALOG_COMPILER_GLOBAL_ACCENT_COLOR_NAME = AccentColor;
				CODE_SIGN_STYLE = Automatic;
				CURRENT_PROJECT_VERSION = 1;
				DEVELOPMENT_ASSET_PATHS = "\"iOSComparisonApp/Preview Content\"";
				DEVELOPMENT_TEAM = 8P8DHS259H;
				ENABLE_PREVIEWS = YES;
				GENERATE_INFOPLIST_FILE = YES;
				INFOPLIST_FILE = iOSComparisonApp/Info.plist;
				INFOPLIST_KEY_UIApplicationSceneManifest_Generation = YES;
				INFOPLIST_KEY_UIApplicationSupportsIndirectInputEvents = YES;
				INFOPLIST_KEY_UILaunchScreen_Generation = YES;
				INFOPLIST_KEY_UISupportedInterfaceOrientations_iPad = "UIInterfaceOrientationPortrait UIInterfaceOrientationPortraitUpsideDown UIInterfaceOrientationLandscapeLeft UIInterfaceOrientationLandscapeRight";
				INFOPLIST_KEY_UISupportedInterfaceOrientations_iPhone = UIInterfaceOrientationPortrait;
				IPHONEOS_DEPLOYMENT_TARGET = 15.0;
				LD_RUNPATH_SEARCH_PATHS = (
					"$(inherited)",
					"@executable_path/Frameworks",
				);
				MARKETING_VERSION = 1.0;
				PRODUCT_BUNDLE_IDENTIFIER = de.telekom.smartcallreply;
				PRODUCT_NAME = "$(TARGET_NAME)";
				SWIFT_EMIT_LOC_STRINGS = YES;
				SWIFT_VERSION = 5.0;
				TARGETED_DEVICE_FAMILY = "1,2";
			};
			name = Release;
		};
/* End XCBuildConfiguration section */

/* Begin XCConfigurationList section */
		C8C2A32629FD4E9C00935CFD /* Build configuration list for PBXProject "iOSComparisonApp" */ = {
			isa = XCConfigurationList;
			buildConfigurations = (
				C8C2A33729FD4E9E00935CFD /* Debug */,
				C8C2A33829FD4E9E00935CFD /* Release */,
			);
			defaultConfigurationIsVisible = 0;
			defaultConfigurationName = Release;
		};
		C8C2A33929FD4E9E00935CFD /* Build configuration list for PBXNativeTarget "iOSComparisonApp" */ = {
			isa = XCConfigurationList;
			buildConfigurations = (
				C8C2A33A29FD4E9E00935CFD /* Debug */,
				C8C2A33B29FD4E9E00935CFD /* Release */,
			);
			defaultConfigurationIsVisible = 0;
			defaultConfigurationName = Release;
		};
/* End XCConfigurationList section */

/* Begin XCRemoteSwiftPackageReference section */
		C8C2A34029FD51D000935CFD /* XCRemoteSwiftPackageReference "BigInt" */ = {
			isa = XCRemoteSwiftPackageReference;
			repositoryURL = "https://github.com/attaswift/BigInt.git";
			requirement = {
				kind = upToNextMajorVersion;
				minimumVersion = 5.0.0;
			};
		};
		C8C2A34A29FD5A6700935CFD /* XCRemoteSwiftPackageReference "GRDB.swift" */ = {
			isa = XCRemoteSwiftPackageReference;
			repositoryURL = "https://github.com/groue/GRDB.swift.git";
			requirement = {
				branch = master;
				kind = branch;
			};
		};
/* End XCRemoteSwiftPackageReference section */

/* Begin XCSwiftPackageProductDependency section */
		C8C2A34129FD51D000935CFD /* BigInt */ = {
			isa = XCSwiftPackageProductDependency;
			package = C8C2A34029FD51D000935CFD /* XCRemoteSwiftPackageReference "BigInt" */;
			productName = BigInt;
		};
		C8C2A34B29FD5A6700935CFD /* GRDB */ = {
			isa = XCSwiftPackageProductDependency;
			package = C8C2A34A29FD5A6700935CFD /* XCRemoteSwiftPackageReference "GRDB.swift" */;
			productName = GRDB;
		};
/* End XCSwiftPackageProductDependency section */
	};
	rootObject = C8C2A32329FD4E9C00935CFD /* Project object */;
}
